
Microsoft Visual Studio Solution File, Format Version 12.00
# Visual Studio Version 16
VisualStudioVersion = 16.0.29709.97
MinimumVisualStudioVersion = 10.0.40219.1
Project("{9A19103F-16F7-4668-BE54-9A1E7A4F7556}") = "cvGamifie", "cvGamifie\cvGamifie.csproj", "{61D361D5-3535-41A0-ABF9-EA6EBDE47AC6}"
EndProject
Project("{2150E333-8FDC-42A3-9474-1A3956D46DE8}") = "Client", "Client", "{92EE2BA9-1213-45E0-9BFF-F095E2FAD2C0}"
EndProject
Project("{2150E333-8FDC-42A3-9474-1A3956D46DE8}") = "Server", "Server", "{AC48DF62-E436-4BF0-9E1B-DAA7E42B278F}"
EndProject
Global
	GlobalSection(SolutionConfigurationPlatforms) = preSolution
		Debug|Any CPU = Debug|Any CPU
		Release|Any CPU = Release|Any CPU
	EndGlobalSection
	GlobalSection(ProjectConfigurationPlatforms) = postSolution
		{61D361D5-3535-41A0-ABF9-EA6EBDE47AC6}.Debug|Any CPU.ActiveCfg = Debug|Any CPU
		{61D361D5-3535-41A0-ABF9-EA6EBDE47AC6}.Debug|Any CPU.Build.0 = Debug|Any CPU
		{61D361D5-3535-41A0-ABF9-EA6EBDE47AC6}.Release|Any CPU.ActiveCfg = Release|Any CPU
		{61D361D5-3535-41A0-ABF9-EA6EBDE47AC6}.Release|Any CPU.Build.0 = Release|Any CPU
	EndGlobalSection
	GlobalSection(SolutionProperties) = preSolution
		HideSolutionNode = FALSE
	EndGlobalSection
	GlobalSection(ExtensibilityGlobals) = postSolution
		SolutionGuid = {5EF6102B-6250-4C3D-A18A-E013687FA04C}
	EndGlobalSection
EndGlobal
