
Microsoft Visual Studio Solution File, Format Version 12.00
# Visual Studio Version 16
VisualStudioVersion = 16.0.29709.97
MinimumVisualStudioVersion = 10.0.40219.1
Project("{FAE04EC0-301F-11D3-BF4B-00C04F79EFBC}") = "cvGamifie.Api.Web.UI", "cvGamifie.Api.Web.UI\cvGamifie.Api.Web.UI.csproj", "{2C62F901-364E-4EC7-8645-2831A2BED29A}"
EndProject
Global
	GlobalSection(SolutionConfigurationPlatforms) = preSolution
		Debug|Any CPU = Debug|Any CPU
		Release|Any CPU = Release|Any CPU
	EndGlobalSection
	GlobalSection(ProjectConfigurationPlatforms) = postSolution
		{2C62F901-364E-4EC7-8645-2831A2BED29A}.Debug|Any CPU.ActiveCfg = Debug|Any CPU
		{2C62F901-364E-4EC7-8645-2831A2BED29A}.Debug|Any CPU.Build.0 = Debug|Any CPU
		{2C62F901-364E-4EC7-8645-2831A2BED29A}.Release|Any CPU.ActiveCfg = Release|Any CPU
		{2C62F901-364E-4EC7-8645-2831A2BED29A}.Release|Any CPU.Build.0 = Release|Any CPU
	EndGlobalSection
	GlobalSection(SolutionProperties) = preSolution
		HideSolutionNode = FALSE
	EndGlobalSection
	GlobalSection(ExtensibilityGlobals) = postSolution
		SolutionGuid = {B5F40D98-DB7B-4F36-BF6C-A4E3A7776FFD}
	EndGlobalSection
EndGlobal
